
Microsoft Visual Studio Solution File, Format Version 12.00
# Visual Studio Version 17
VisualStudioVersion = 17.5.002.0
MinimumVisualStudioVersion = 10.0.40219.1
Project("{9A19103F-16F7-4668-BE54-9A1E7A4F7556}") = "Unity-3D-Platformer", "Unity-3D-Platformer.csproj", "{22D2AF57-3FC6-470B-B5C3-F1E655FC150D}"
EndProject
Global
	GlobalSection(SolutionConfigurationPlatforms) = preSolution
		Debug|Any CPU = Debug|Any CPU
		Release|Any CPU = Release|Any CPU
	EndGlobalSection
	GlobalSection(ProjectConfigurationPlatforms) = postSolution
		{22D2AF57-3FC6-470B-B5C3-F1E655FC150D}.Debug|Any CPU.ActiveCfg = Debug|Any CPU
		{22D2AF57-3FC6-470B-B5C3-F1E655FC150D}.Debug|Any CPU.Build.0 = Debug|Any CPU
		{22D2AF57-3FC6-470B-B5C3-F1E655FC150D}.Release|Any CPU.ActiveCfg = Release|Any CPU
		{22D2AF57-3FC6-470B-B5C3-F1E655FC150D}.Release|Any CPU.Build.0 = Release|Any CPU
	EndGlobalSection
	GlobalSection(SolutionProperties) = preSolution
		HideSolutionNode = FALSE
	EndGlobalSection
	GlobalSection(ExtensibilityGlobals) = postSolution
		SolutionGuid = {58DFBA36-6CCA-491D-AAAF-9F9983A2B448}
	EndGlobalSection
EndGlobal
